<?xml version="1.0" encoding="utf-8"?>
<Project ToolsVersion="4.0" xmlns="http://schemas.microsoft.com/developer/msbuild/2003">
  <ItemGroup>
    <Filter Include="Source Files">
      <UniqueIdentifier>{4FC737F1-C7A5-4376-A066-2A32D752A2FF}</UniqueIdentifier>
      <Extensions>cpp;c;cc;cxx;c++;cppm;ixx;def;odl;idl;hpj;bat;asm;asmx</Extensions>
    </Filter>
    <Filter Include="Header Files">
      <UniqueIdentifier>{93995380-89BD-4b04-88EB-625FBE52EBFB}</UniqueIdentifier>
      <Extensions>h;hh;hpp;hxx;h++;hm;inl;inc;ipp;xsd</Extensions>
    </Filter>
    <Filter Include="Resource Files">
      <UniqueIdentifier>{67DA6AB6-F800-4c08-8B7A-83BB121AAD01}</UniqueIdentifier>
      <Extensions>rc;ico;cur;bmp;dlg;rc2;rct;bin;rgs;gif;jpg;jpeg;jpe;resx;tiff;tif;png;wav;mfcribbon-ms</Extensions>
    </Filter>
  </ItemGroup>
  <ItemGroup>
    <ClCompile Include="Main.cpp">
      <Filter>Source Files</Filter>
    </ClCompile>
    <ClCompile Include="Core\Engine\DebugClasses\Log.cpp">
      <Filter>Source Files</Filter>
    </ClCompile>
    <ClCompile Include="Core\Maths\Vector2D.cpp">
      <Filter>Source Files</Filter>
    </ClCompile>
    <ClCompile Include="Core\Engine\Editor\Window.cpp">
      <Filter>Source Files</Filter>
    </ClCompile>
    <ClCompile Include="Core\Engine\Editor\Game.cpp">
      <Filter>Source Files</Filter>
    </ClCompile>
    <ClCompile Include="Core\Engine\Graphics\SDL\RendererSdl.cpp">
      <Filter>Source Files</Filter>
    </ClCompile>
    <ClCompile Include="Core\Scenes\Scene.cpp">
      <Filter>Source Files</Filter>
    </ClCompile>
    <ClCompile Include="Core\Scenes\Childs\Pong.cpp">
      <Filter>Source Files</Filter>
    </ClCompile>
    <ClCompile Include="Game\Pong\Ball.cpp">
      <Filter>Source Files</Filter>
    </ClCompile>
    <ClCompile Include="Game\Pong\Paddle.cpp">
      <Filter>Source Files</Filter>
    </ClCompile>
    <ClCompile Include="Core\Maths\Timer.cpp">
      <Filter>Source Files</Filter>
    </ClCompile>
    <ClCompile Include="Core\Maths\Vector3D.cpp">
      <Filter>Source Files</Filter>
    </ClCompile>
    <ClCompile Include="Core\Engine\ActorComponents\Actor\Component.cpp">
      <Filter>Source Files</Filter>
    </ClCompile>
    <ClCompile Include="Core\Engine\ActorComponents\Actor\TransformComponent.cpp">
      <Filter>Source Files</Filter>
    </ClCompile>
    <ClCompile Include="Core\Engine\ActorComponents\Actor\Actor.cpp">
      <Filter>Source Files</Filter>
    </ClCompile>
    <ClCompile Include="Core\Engine\ActorComponents\Colliders\ColliderComponent.cpp">
      <Filter>Source Files</Filter>
    </ClCompile>
    <ClCompile Include="Core\Engine\ActorComponents\Colliders\BoxCollider2DComponent.cpp">
      <Filter>Source Files</Filter>
    </ClCompile>
    <ClCompile Include="Core\Engine\Physics\CollisionManager.cpp">
      <Filter>Source Files</Filter>
    </ClCompile>
    <ClCompile Include="Core\Engine\Graphics\Assets.cpp">
      <Filter>Source Files</Filter>
    </ClCompile>
    <ClCompile Include="Core\Engine\Graphics\Texture.cpp">
      <Filter>Source Files</Filter>
    </ClCompile>
    <ClCompile Include="Core\Engine\ActorComponents\GraphicComponent\SpriteComponent.cpp">
      <Filter>Source Files</Filter>
    </ClCompile>
    <ClCompile Include="Core\Maths\Rectangle.cpp">
      <Filter>Source Files</Filter>
    </ClCompile>
    <ClCompile Include="Core\Scenes\Childs\SpaceInvader.cpp">
      <Filter>Source Files</Filter>
    </ClCompile>
    <ClCompile Include="Game\SpaceInvader\SpaceInvaderPlayer.cpp">
      <Filter>Source Files</Filter>
    </ClCompile>
    <ClCompile Include="Core\Engine\Inputs\BooleanActions.cpp">
      <Filter>Source Files</Filter>
    </ClCompile>
    <ClCompile Include="Core\Engine\Inputs\InputAxis2D.cpp">
      <Filter>Source Files</Filter>
    </ClCompile>
    <ClCompile Include="Core\Engine\Inputs\InputManager.cpp">
      <Filter>Source Files</Filter>
    </ClCompile>
    <ClCompile Include="Core\Engine\Inputs\InputActions.cpp">
      <Filter>Source Files</Filter>
    </ClCompile>
    <ClCompile Include="Core\Engine\ActorComponents\GraphicComponent\FlipbookComponent.cpp">
      <Filter>Source Files</Filter>
    </ClCompile>
    <ClCompile Include="Core\Engine\ActorComponents\PhysicComponent\RigidbodyComponent.cpp">
      <Filter>Source Files</Filter>
    </ClCompile>
    <ClCompile Include="Core\Engine\ActorComponents\PhysicComponent\ActorMovementComponent.cpp">
      <Filter>Source Files</Filter>
    </ClCompile>
    <ClCompile Include="Core\Engine\CoreComponents\PlayerController2D.cpp">
      <Filter>Source Files</Filter>
    </ClCompile>
    <ClCompile Include="Game\SpaceInvader\GroundActor.cpp">
      <Filter>Source Files</Filter>
    </ClCompile>
    <ClCompile Include="Core\Maths\Matrix4D.cpp">
      <Filter>Source Files</Filter>
    </ClCompile>
    <ClCompile Include="Core\Maths\Matrix4DRow.cpp">
      <Filter>Source Files</Filter>
    </ClCompile>
    <ClCompile Include="Core\Maths\Quaternion.cpp">
      <Filter>Source Files</Filter>
    </ClCompile>
    <ClCompile Include="Core\Maths\Vector4D.cpp">
      <Filter>Source Files</Filter>
    </ClCompile>
    <ClCompile Include="Core\Engine\Graphics\OpenGl\VertexArray.cpp">
      <Filter>Source Files</Filter>
    </ClCompile>
    <ClCompile Include="Core\Engine\Graphics\OpenGl\RendererOpenGl.cpp">
      <Filter>Source Files</Filter>
    </ClCompile>
    <ClCompile Include="Core\Engine\Graphics\OpenGl\Shaders\Shader.cpp">
      <Filter>Source Files</Filter>
    </ClCompile>
    <ClCompile Include="Core\Engine\Graphics\OpenGl\Shaders\ShaderProgram.cpp">
      <Filter>Source Files</Filter>
    </ClCompile>
    <ClCompile Include="Core\Scenes\Childs\BowlingOpenGl.cpp">
      <Filter>Source Files</Filter>
    </ClCompile>
    <ClCompile Include="Game\TestOpenGl\testGlPlayer.cpp">
      <Filter>Source Files</Filter>
    </ClCompile>
    <ClCompile Include="Core\Engine\Graphics\Mesh.cpp">
      <Filter>Source Files</Filter>
    </ClCompile>
    <ClCompile Include="Core\Engine\ActorComponents\GraphicComponent\MeshComponent.cpp">
      <Filter>Source Files</Filter>
    </ClCompile>
    <ClCompile Include="Game\TestOpenGl\Cube.cpp">
      <Filter>Source Files</Filter>
    </ClCompile>
    <ClCompile Include="Core\Engine\ActorComponents\Actor\CameraComponent.cpp">
      <Filter>Source Files</Filter>
    </ClCompile>
    <ClCompile Include="Core\Engine\CoreComponents\CameraActor.cpp">
      <Filter>Source Files</Filter>
    </ClCompile>
    <ClCompile Include="Core\Engine\CoreComponents\PlayerController3D.cpp">
      <Filter>Source Files</Filter>
    </ClCompile>
    <ClCompile Include="Core\Engine\ActorComponents\Colliders\BoxCollider3DComponent.cpp">
      <Filter>Source Files</Filter>
    </ClCompile>
    <ClCompile Include="Core\Engine\Physics\PhysicManager.cpp">
      <Filter>Source Files</Filter>
    </ClCompile>
    <ClCompile Include="Core\Engine\Physics\CollisionResolver.cpp">
      <Filter>Source Files</Filter>
    </ClCompile>
    <ClCompile Include="Game\TestOpenGl\Sphere.cpp">
      <Filter>Source Files</Filter>
    </ClCompile>
    <ClCompile Include="Game\TestOpenGl\BowlingPin.cpp">
      <Filter>Source Files</Filter>
    </ClCompile>
    <ClCompile Include="Game\TestOpenGl\BowlingPlayer.cpp">
      <Filter>Source Files</Filter>
    </ClCompile>
    <ClCompile Include="Game\TestOpenGl\BowlingPC.cpp">
      <Filter>Source Files</Filter>
    </ClCompile>
    <ClCompile Include="Game\TestOpenGl\BowlingBall.cpp">
      <Filter>Source Files</Filter>
    </ClCompile>
    <ClCompile Include="Game\TestOpenGl\BallSpawnPoint.cpp">
      <Filter>Source Files</Filter>
    </ClCompile>
    <ClCompile Include="Core\Engine\Graphics\CameraManager.cpp">
      <Filter>Source Files</Filter>
    </ClCompile>
    <ClCompile Include="Game\Doom\DoomPlayer.cpp">
      <Filter>Source Files</Filter>
    </ClCompile>
    <ClCompile Include="Game\Doom\DoomPC.cpp">
      <Filter>Source Files</Filter>
    </ClCompile>
    <ClCompile Include="Core\Scenes\Childs\LVLDoom.cpp">
      <Filter>Source Files</Filter>
    </ClCompile>
    <ClCompile Include="Core\Engine\Graphics\OpenGl\TextRenderer.cpp">
      <Filter>Source Files</Filter>
    </ClCompile>
    <ClCompile Include="Core\Engine\Graphics\Hud\HudManager.cpp">
      <Filter>Source Files</Filter>
    </ClCompile>
    <ClCompile Include="Core\Engine\Graphics\Hud\HudElement.cpp">
      <Filter>Source Files</Filter>
    </ClCompile>
    <ClCompile Include="Core\Engine\Graphics\Hud\HudElements\HudText.cpp">
      <Filter>Source Files</Filter>
    </ClCompile>
    <ClCompile Include="Core\Engine\Graphics\Hud\HudElements\HudImage.cpp">
      <Filter>Source Files</Filter>
    </ClCompile>
    <ClCompile Include="Core\Engine\Graphics\Hud\HudElements\HudContainer.cpp">
      <Filter>Source Files</Filter>
    </ClCompile>
    <ClCompile Include="Core\Engine\Physics\AABB.cpp">
      <Filter>Source Files</Filter>
    </ClCompile>
    <ClCompile Include="Core\Engine\DebugClasses\DebugRenderer.cpp">
      <Filter>Source Files</Filter>
    </ClCompile>
  </ItemGroup>
  <ItemGroup>
    <ClInclude Include="Core\Engine\DebugClasses\Log.h">
      <Filter>Header Files</Filter>
    </ClInclude>
    <ClInclude Include="Core\Maths\Vector2D.h">
      <Filter>Header Files</Filter>
    </ClInclude>
    <ClInclude Include="Core\Engine\Editor\Window.h">
      <Filter>Header Files</Filter>
    </ClInclude>
    <ClInclude Include="Core\Engine\Editor\Game.h">
      <Filter>Header Files</Filter>
    </ClInclude>
    <ClInclude Include="Core\Maths\Rectangle.h">
      <Filter>Header Files</Filter>
    </ClInclude>
    <ClInclude Include="Core\Engine\Graphics\SDL\RendererSdl.h">
      <Filter>Header Files</Filter>
    </ClInclude>
    <ClInclude Include="Core\Scenes\Scene.h">
      <Filter>Header Files</Filter>
    </ClInclude>
    <ClInclude Include="Core\Scenes\Childs\Pong.h">
      <Filter>Header Files</Filter>
    </ClInclude>
    <ClInclude Include="Game\Pong\Ball.h">
      <Filter>Header Files</Filter>
    </ClInclude>
    <ClInclude Include="Game\Pong\Paddle.h">
      <Filter>Header Files</Filter>
    </ClInclude>
    <ClInclude Include="Core\Maths\Timer.h">
      <Filter>Header Files</Filter>
    </ClInclude>
    <ClInclude Include="Core\Maths\Vector3D.h">
      <Filter>Header Files</Filter>
    </ClInclude>
    <ClInclude Include="Core\Engine\ActorComponents\Actor\Component.h">
      <Filter>Header Files</Filter>
    </ClInclude>
    <ClInclude Include="Core\Engine\ActorComponents\Actor\TransformComponent.h">
      <Filter>Header Files</Filter>
    </ClInclude>
    <ClInclude Include="Core\Engine\ActorComponents\Actor\Actor.h">
      <Filter>Header Files</Filter>
    </ClInclude>
    <ClInclude Include="Core\Engine\ActorComponents\Actor\ActorState.h">
      <Filter>Header Files</Filter>
    </ClInclude>
    <ClInclude Include="Core\Engine\ActorComponents\Colliders\ColliderComponent.h">
      <Filter>Header Files</Filter>
    </ClInclude>
    <ClInclude Include="Core\Engine\ActorComponents\Colliders\BoxCollider2DComponent.h">
      <Filter>Header Files</Filter>
    </ClInclude>
    <ClInclude Include="Core\Engine\Physics\CollisionManager.h">
      <Filter>Header Files</Filter>
    </ClInclude>
    <ClInclude Include="Core\Engine\Graphics\Assets.h">
      <Filter>Header Files</Filter>
    </ClInclude>
    <ClInclude Include="Core\Engine\Graphics\Texture.h">
      <Filter>Header Files</Filter>
    </ClInclude>
    <ClInclude Include="Core\Maths\Maths.h">
      <Filter>Header Files</Filter>
    </ClInclude>
    <ClInclude Include="Core\Engine\ActorComponents\GraphicComponent\SpriteComponent.h">
      <Filter>Header Files</Filter>
    </ClInclude>
    <ClInclude Include="Core\Scenes\Childs\SpaceInvader.h">
      <Filter>Header Files</Filter>
    </ClInclude>
    <ClInclude Include="Game\SpaceInvader\SpaceInvaderPlayer.h">
      <Filter>Header Files</Filter>
    </ClInclude>
    <ClInclude Include="Core\Engine\Editor\Defs.h">
      <Filter>Header Files</Filter>
    </ClInclude>
    <ClInclude Include="Core\Engine\Inputs\ActionType.h">
      <Filter>Header Files</Filter>
    </ClInclude>
    <ClInclude Include="Core\Engine\Inputs\InputActions.h">
      <Filter>Header Files</Filter>
    </ClInclude>
    <ClInclude Include="Core\Engine\Inputs\BooleanActions.h">
      <Filter>Header Files</Filter>
    </ClInclude>
    <ClInclude Include="Core\Engine\Inputs\InputAxis2D.h">
      <Filter>Header Files</Filter>
    </ClInclude>
    <ClInclude Include="Core\Engine\Inputs\IActionListener.h">
      <Filter>Header Files</Filter>
    </ClInclude>
    <ClInclude Include="Core\Engine\Inputs\InputManager.h">
      <Filter>Header Files</Filter>
    </ClInclude>
    <ClInclude Include="Core\Engine\ActorComponents\GraphicComponent\FlipbookComponent.h">
      <Filter>Header Files</Filter>
    </ClInclude>
    <ClInclude Include="Core\Engine\ActorComponents\PhysicComponent\RigidbodyComponent.h">
      <Filter>Header Files</Filter>
    </ClInclude>
    <ClInclude Include="Core\Engine\ActorComponents\PhysicComponent\ActorMovementComponent.h">
      <Filter>Header Files</Filter>
    </ClInclude>
    <ClInclude Include="Core\Engine\CoreComponents\PlayerController2D.h">
      <Filter>Header Files</Filter>
    </ClInclude>
    <ClInclude Include="Core\Engine\Physics\ICollisionListener.h">
      <Filter>Header Files</Filter>
    </ClInclude>
    <ClInclude Include="Game\SpaceInvader\GroundActor.h">
      <Filter>Header Files</Filter>
    </ClInclude>
    <ClInclude Include="Core\Engine\Physics\HitResult.h">
      <Filter>Header Files</Filter>
    </ClInclude>
    <ClInclude Include="Core\Engine\Graphics\IRenderer.h">
      <Filter>Header Files</Filter>
    </ClInclude>
    <ClInclude Include="Core\Maths\Matrix4D.h">
      <Filter>Header Files</Filter>
    </ClInclude>
    <ClInclude Include="Core\Maths\Matrix4DRow.h">
      <Filter>Header Files</Filter>
    </ClInclude>
    <ClInclude Include="Core\Maths\Quaternion.h">
      <Filter>Header Files</Filter>
    </ClInclude>
    <ClInclude Include="Core\Maths\Vector4D.h">
      <Filter>Header Files</Filter>
    </ClInclude>
    <ClInclude Include="Core\Engine\Graphics\OpenGl\VertexArray.h">
      <Filter>Header Files</Filter>
    </ClInclude>
    <ClInclude Include="Core\Engine\Graphics\OpenGl\RendererOpenGl.h">
      <Filter>Header Files</Filter>
    </ClInclude>
    <ClInclude Include="Core\Engine\Graphics\OpenGl\Shaders\Shader.h">
      <Filter>Header Files</Filter>
    </ClInclude>
    <ClInclude Include="Core\Engine\Graphics\OpenGl\Shaders\ShaderProgram.h">
      <Filter>Header Files</Filter>
    </ClInclude>
    <ClInclude Include="Core\Scenes\Childs\BowlingOpenGl.h">
      <Filter>Header Files</Filter>
    </ClInclude>
    <ClInclude Include="Game\TestOpenGl\testGlPlayer.h">
      <Filter>Header Files</Filter>
    </ClInclude>
    <ClInclude Include="Core\Engine\Graphics\Mesh.h">
      <Filter>Header Files</Filter>
    </ClInclude>
    <ClInclude Include="Core\Engine\ActorComponents\GraphicComponent\MeshComponent.h">
      <Filter>Header Files</Filter>
    </ClInclude>
    <ClInclude Include="Game\TestOpenGl\Cube.h">
      <Filter>Header Files</Filter>
    </ClInclude>
    <ClInclude Include="Core\Engine\ActorComponents\Actor\CameraComponent.h">
      <Filter>Header Files</Filter>
    </ClInclude>
    <ClInclude Include="Core\Engine\CoreComponents\CameraActor.h">
      <Filter>Header Files</Filter>
    </ClInclude>
    <ClInclude Include="Core\Engine\CoreComponents\PlayerController3D.h">
      <Filter>Header Files</Filter>
    </ClInclude>
    <ClInclude Include="Core\Engine\ActorComponents\Colliders\BoxCollider3DComponent.h">
      <Filter>Header Files</Filter>
    </ClInclude>
    <ClInclude Include="Core\Engine\Physics\PhysicManager.h">
      <Filter>Header Files</Filter>
    </ClInclude>
    <ClInclude Include="Core\Engine\Physics\CollisionResolver.h">
      <Filter>Header Files</Filter>
    </ClInclude>
    <ClInclude Include="Core\Engine\Physics\CollisionInfos.h">
      <Filter>Header Files</Filter>
    </ClInclude>
    <ClInclude Include="Core\Engine\Graphics\MeshLoader\tiny_obj_loader.h">
      <Filter>Header Files</Filter>
    </ClInclude>
    <ClInclude Include="Core\Engine\Graphics\Vertex.h">
      <Filter>Header Files</Filter>
    </ClInclude>
    <ClInclude Include="Game\TestOpenGl\Sphere.h">
      <Filter>Header Files</Filter>
    </ClInclude>
    <ClInclude Include="Game\TestOpenGl\BowlingPin.h">
      <Filter>Header Files</Filter>
    </ClInclude>
    <ClInclude Include="Game\TestOpenGl\BowlingPlayer.h">
      <Filter>Header Files</Filter>
    </ClInclude>
    <ClInclude Include="Game\TestOpenGl\BowlingPC.h">
      <Filter>Header Files</Filter>
    </ClInclude>
    <ClInclude Include="Game\TestOpenGl\BowlingBall.h">
      <Filter>Header Files</Filter>
    </ClInclude>
    <ClInclude Include="Game\TestOpenGl\BallSpawnPoint.h">
      <Filter>Header Files</Filter>
    </ClInclude>
    <ClInclude Include="Core\Engine\Graphics\CameraManager.h">
      <Filter>Header Files</Filter>
    </ClInclude>
    <ClInclude Include="Game\Doom\DoomPlayer.h">
      <Filter>Header Files</Filter>
    </ClInclude>
    <ClInclude Include="Game\Doom\DoomPC.h">
      <Filter>Header Files</Filter>
    </ClInclude>
    <ClInclude Include="Core\Scenes\Childs\LVLDoom.h">
      <Filter>Header Files</Filter>
    </ClInclude>
    <ClInclude Include="Core\Engine\Graphics\OpenGl\TextRenderer.h">
      <Filter>Header Files</Filter>
    </ClInclude>
    <ClInclude Include="Core\Engine\Graphics\Hud\HudManager.h">
      <Filter>Header Files</Filter>
    </ClInclude>
    <ClInclude Include="Core\Engine\Graphics\Hud\HudElement.h">
      <Filter>Header Files</Filter>
    </ClInclude>
    <ClInclude Include="Core\Engine\Graphics\Hud\HudElements\HudText.h">
      <Filter>Header Files</Filter>
    </ClInclude>
    <ClInclude Include="Core\Engine\Graphics\Hud\HudElements\HudImage.h">
      <Filter>Header Files</Filter>
    </ClInclude>
    <ClInclude Include="Core\Engine\Graphics\Hud\HudElements\HudContainer.h">
      <Filter>Header Files</Filter>
    </ClInclude>
    <ClInclude Include="Core\Engine\Graphics\Hud\TextAlignementEnum.h">
      <Filter>Header Files</Filter>
    </ClInclude>
    <ClInclude Include="Core\Engine\Physics\AABB.h">
      <Filter>Header Files</Filter>
    </ClInclude>
    <ClInclude Include="Core\Engine\DebugClasses\DebugLine.h">
      <Filter>Header Files</Filter>
    </ClInclude>
    <ClInclude Include="Core\Engine\DebugClasses\DebugRenderer.h">
      <Filter>Header Files</Filter>
    </ClInclude>
  </ItemGroup>
  <ItemGroup>
    <None Include="Imports\Shaders\Simple.vert" />
    <None Include="Imports\Shaders\Simple.frag" />
    <None Include="Imports\Shaders\BasicMesh.vert" />
    <None Include="Imports\Shaders\BasicMesh.frag" />
    <None Include="Imports\Shaders\Debug.vert" />
    <None Include="Imports\Shaders\Debug.frag" />
    <None Include="Imports\Shaders\TextRenderer.vert" />
    <None Include="Imports\Shaders\TextRenderer.frag" />
  </ItemGroup>
</Project>